
Microsoft Visual Studio Solution File, Format Version 12.00
# Visual Studio 15
VisualStudioVersion = 15.0.27703.2047
MinimumVisualStudioVersion = 10.0.40219.1
Project("{FAE04EC0-301F-11D3-BF4B-00C04F79EFBC}") = "_88servagentAPI", "_88servagentAPI\_88servagentAPI.csproj", "{3168972B-F5E6-4BDE-A4F2-1FE970E90E41}"
EndProject
Global
	GlobalSection(SolutionConfigurationPlatforms) = preSolution
		Debug|Any CPU = Debug|Any CPU
		Release|Any CPU = Release|Any CPU
	EndGlobalSection
	GlobalSection(ProjectConfigurationPlatforms) = postSolution
		{3168972B-F5E6-4BDE-A4F2-1FE970E90E41}.Debug|Any CPU.ActiveCfg = Debug|Any CPU
		{3168972B-F5E6-4BDE-A4F2-1FE970E90E41}.Debug|Any CPU.Build.0 = Debug|Any CPU
		{3168972B-F5E6-4BDE-A4F2-1FE970E90E41}.Release|Any CPU.ActiveCfg = Release|Any CPU
		{3168972B-F5E6-4BDE-A4F2-1FE970E90E41}.Release|Any CPU.Build.0 = Release|Any CPU
	EndGlobalSection
	GlobalSection(SolutionProperties) = preSolution
		HideSolutionNode = FALSE
	EndGlobalSection
	GlobalSection(ExtensibilityGlobals) = postSolution
		SolutionGuid = {05C3E314-D694-4FA6-9407-E8AFA72311AB}
	EndGlobalSection
EndGlobal
